
Microsoft Visual Studio Solution File, Format Version 12.00
# Visual Studio Version 17
VisualStudioVersion = 17.14.36221.1
MinimumVisualStudioVersion = 10.0.40219.1
Project("{FAE04EC0-301F-11D3-BF4B-00C04F79EFBC}") = "RpaWorker", "RpaWorker\RpaWorker.csproj", "{931D407D-1B95-4B7F-AEED-6F5B8FB57301}"
EndProject
Project("{FAE04EC0-301F-11D3-BF4B-00C04F79EFBC}") = "RpaApi", "RpaApi\RpaApi.csproj", "{44DA3D00-940C-4E13-A554-287C7B6DF659}"
EndProject
Project("{2150E333-8FDC-42A3-9474-1A3956D46DE8}") = "Itens de Solução", "Itens de Solução", "{380A7511-A354-6D7A-0CC0-8FA1F1BA7B6C}"
	ProjectSection(SolutionItems) = preProject
		.gitignore = .gitignore
		docker-compose.yml = docker-compose.yml
		README.md = README.md
	EndProjectSection
EndProject
Global
	GlobalSection(SolutionConfigurationPlatforms) = preSolution
		Debug|Any CPU = Debug|Any CPU
		Release|Any CPU = Release|Any CPU
	EndGlobalSection
	GlobalSection(ProjectConfigurationPlatforms) = postSolution
		{931D407D-1B95-4B7F-AEED-6F5B8FB57301}.Debug|Any CPU.ActiveCfg = Debug|Any CPU
		{931D407D-1B95-4B7F-AEED-6F5B8FB57301}.Debug|Any CPU.Build.0 = Debug|Any CPU
		{931D407D-1B95-4B7F-AEED-6F5B8FB57301}.Release|Any CPU.ActiveCfg = Release|Any CPU
		{931D407D-1B95-4B7F-AEED-6F5B8FB57301}.Release|Any CPU.Build.0 = Release|Any CPU
		{44DA3D00-940C-4E13-A554-287C7B6DF659}.Debug|Any CPU.ActiveCfg = Debug|Any CPU
		{44DA3D00-940C-4E13-A554-287C7B6DF659}.Debug|Any CPU.Build.0 = Debug|Any CPU
		{44DA3D00-940C-4E13-A554-287C7B6DF659}.Release|Any CPU.ActiveCfg = Release|Any CPU
		{44DA3D00-940C-4E13-A554-287C7B6DF659}.Release|Any CPU.Build.0 = Release|Any CPU
	EndGlobalSection
	GlobalSection(SolutionProperties) = preSolution
		HideSolutionNode = FALSE
	EndGlobalSection
	GlobalSection(ExtensibilityGlobals) = postSolution
		SolutionGuid = {CFF2E3DB-7D64-4C1B-BAD3-1F154917EE30}
	EndGlobalSection
EndGlobal
